
Microsoft Visual Studio Solution File, Format Version 12.00
# Visual Studio Version 17
VisualStudioVersion = 17.8.34525.116
MinimumVisualStudioVersion = 10.0.40219.1
Project("{FAE04EC0-301F-11D3-BF4B-00C04F79EFBC}") = "ZaverecnyProjekt", "ZaverecnyProjekt.csproj", "{AB87826C-1C41-4ABB-BD44-A8E455AF1325}"
EndProject
Global
	GlobalSection(SolutionConfigurationPlatforms) = preSolution
		Debug|Any CPU = Debug|Any CPU
		Release|Any CPU = Release|Any CPU
	EndGlobalSection
	GlobalSection(ProjectConfigurationPlatforms) = postSolution
		{AB87826C-1C41-4ABB-BD44-A8E455AF1325}.Debug|Any CPU.ActiveCfg = Debug|Any CPU
		{AB87826C-1C41-4ABB-BD44-A8E455AF1325}.Debug|Any CPU.Build.0 = Debug|Any CPU
		{AB87826C-1C41-4ABB-BD44-A8E455AF1325}.Release|Any CPU.ActiveCfg = Release|Any CPU
		{AB87826C-1C41-4ABB-BD44-A8E455AF1325}.Release|Any CPU.Build.0 = Release|Any CPU
	EndGlobalSection
	GlobalSection(SolutionProperties) = preSolution
		HideSolutionNode = FALSE
	EndGlobalSection
	GlobalSection(ExtensibilityGlobals) = postSolution
		SolutionGuid = {234A2FEB-BF10-4E8C-B510-FF7D151660D4}
	EndGlobalSection
EndGlobal
